
Microsoft Visual Studio Solution File, Format Version 12.00
# Visual Studio Version 17
VisualStudioVersion = 17.1.32210.238
MinimumVisualStudioVersion = 10.0.40219.1
Project("{FAE04EC0-301F-11D3-BF4B-00C04F79EFBC}") = "CabInvoice", "CabInvoice\CabInvoice.csproj", "{9578C8BF-271B-41F8-8CE5-CDDA68252025}"
EndProject
Project("{FAE04EC0-301F-11D3-BF4B-00C04F79EFBC}") = "CabInvoiceGeneratorTest", "CabInvoiceGeneratorTest\CabInvoiceGeneratorTest.csproj", "{288BF114-AE80-49A7-A020-2787A873118C}"
EndProject
Global
	GlobalSection(SolutionConfigurationPlatforms) = preSolution
		Debug|Any CPU = Debug|Any CPU
		Release|Any CPU = Release|Any CPU
	EndGlobalSection
	GlobalSection(ProjectConfigurationPlatforms) = postSolution
		{9578C8BF-271B-41F8-8CE5-CDDA68252025}.Debug|Any CPU.ActiveCfg = Debug|Any CPU
		{9578C8BF-271B-41F8-8CE5-CDDA68252025}.Debug|Any CPU.Build.0 = Debug|Any CPU
		{9578C8BF-271B-41F8-8CE5-CDDA68252025}.Release|Any CPU.ActiveCfg = Release|Any CPU
		{9578C8BF-271B-41F8-8CE5-CDDA68252025}.Release|Any CPU.Build.0 = Release|Any CPU
		{288BF114-AE80-49A7-A020-2787A873118C}.Debug|Any CPU.ActiveCfg = Debug|Any CPU
		{288BF114-AE80-49A7-A020-2787A873118C}.Debug|Any CPU.Build.0 = Debug|Any CPU
		{288BF114-AE80-49A7-A020-2787A873118C}.Release|Any CPU.ActiveCfg = Release|Any CPU
		{288BF114-AE80-49A7-A020-2787A873118C}.Release|Any CPU.Build.0 = Release|Any CPU
	EndGlobalSection
	GlobalSection(SolutionProperties) = preSolution
		HideSolutionNode = FALSE
	EndGlobalSection
	GlobalSection(ExtensibilityGlobals) = postSolution
		SolutionGuid = {E10A88E0-0C60-4B03-9B99-808A154BFECA}
	EndGlobalSection
EndGlobal
